// !$*UTF8*$!
{
	archiveVersion = 1;
	classes = {
	};
	objectVersion = 48;
	objects = {

/* Begin PBXBuildFile section */
		A31831A0204490EB00EDBFB1 /* Player.swift in Sources */ = {isa = PBXBuildFile; fileRef = A318319F204490EA00EDBFB1 /* Player.swift */; };
		A3EC1D802040D01400ED3E88 /* AppDelegate.swift in Sources */ = {isa = PBXBuildFile; fileRef = A3EC1D7F2040D01400ED3E88 /* AppDelegate.swift */; };
		A3EC1D852040D01400ED3E88 /* Main.storyboard in Resources */ = {isa = PBXBuildFile; fileRef = A3EC1D832040D01400ED3E88 /* Main.storyboard */; };
		A3EC1D872040D01400ED3E88 /* Assets.xcassets in Resources */ = {isa = PBXBuildFile; fileRef = A3EC1D862040D01400ED3E88 /* Assets.xcassets */; };
		A3EC1D8A2040D01400ED3E88 /* LaunchScreen.storyboard in Resources */ = {isa = PBXBuildFile; fileRef = A3EC1D882040D01400ED3E88 /* LaunchScreen.storyboard */; };
		A3EC1D952040D01400ED3E88 /* EisensteinTests.swift in Sources */ = {isa = PBXBuildFile; fileRef = A3EC1D942040D01400ED3E88 /* EisensteinTests.swift */; };
		A3EC1DA02040D01400ED3E88 /* EisensteinUITests.swift in Sources */ = {isa = PBXBuildFile; fileRef = A3EC1D9F2040D01400ED3E88 /* EisensteinUITests.swift */; };
		A3EC1DB02040DA6600ED3E88 /* web in Resources */ = {isa = PBXBuildFile; fileRef = A3EC1DAF2040DA6600ED3E88 /* web */; };
		A3EC1DB82040DB9000ED3E88 /* EditorViewController.swift in Sources */ = {isa = PBXBuildFile; fileRef = A3EC1DB72040DB9000ED3E88 /* EditorViewController.swift */; };
		A3FA77A12045856900B3C9EA /* AVFoundation.framework in Frameworks */ = {isa = PBXBuildFile; fileRef = A3FA77A02045856900B3C9EA /* AVFoundation.framework */; };
		A3FA77A32045872B00B3C9EA /* CaptureViewController.swift in Sources */ = {isa = PBXBuildFile; fileRef = A3FA77A22045872B00B3C9EA /* CaptureViewController.swift */; };
		A3FA77AF2045886300B3C9EA /* NextLevelSession.swift in Sources */ = {isa = PBXBuildFile; fileRef = A3FA77A52045886200B3C9EA /* NextLevelSession.swift */; };
		A3FA77B02045886300B3C9EA /* NextLevel+Foundation.swift in Sources */ = {isa = PBXBuildFile; fileRef = A3FA77A62045886200B3C9EA /* NextLevel+Foundation.swift */; };
		A3FA77B12045886300B3C9EA /* NextLevel+CoreMedia.swift in Sources */ = {isa = PBXBuildFile; fileRef = A3FA77A72045886200B3C9EA /* NextLevel+CoreMedia.swift */; };
		A3FA77B22045886300B3C9EA /* NextLevelConfiguration.swift in Sources */ = {isa = PBXBuildFile; fileRef = A3FA77A82045886200B3C9EA /* NextLevelConfiguration.swift */; };
		A3FA77B32045886300B3C9EA /* NextLevel.swift in Sources */ = {isa = PBXBuildFile; fileRef = A3FA77A92045886200B3C9EA /* NextLevel.swift */; };
		A3FA77B42045886300B3C9EA /* NextLevel+AVFoundation.swift in Sources */ = {isa = PBXBuildFile; fileRef = A3FA77AA2045886200B3C9EA /* NextLevel+AVFoundation.swift */; };
		A3FA77B52045886300B3C9EA /* NextLevel+CoreImage.swift in Sources */ = {isa = PBXBuildFile; fileRef = A3FA77AB2045886200B3C9EA /* NextLevel+CoreImage.swift */; };
		A3FA77B62045886300B3C9EA /* NextLevel+UIImage.swift in Sources */ = {isa = PBXBuildFile; fileRef = A3FA77AC2045886200B3C9EA /* NextLevel+UIImage.swift */; };
		A3FA77B72045886300B3C9EA /* NextLevel+Metadata.swift in Sources */ = {isa = PBXBuildFile; fileRef = A3FA77AD2045886200B3C9EA /* NextLevel+Metadata.swift */; };
		A3FA77B82045886300B3C9EA /* NextLevelClip.swift in Sources */ = {isa = PBXBuildFile; fileRef = A3FA77AE2045886200B3C9EA /* NextLevelClip.swift */; };
		A3FA77BA2046300000B3C9EA /* DataStructures.swift in Sources */ = {isa = PBXBuildFile; fileRef = A3FA77B92046300000B3C9EA /* DataStructures.swift */; };
/* End PBXBuildFile section */

/* Begin PBXContainerItemProxy section */
		A3EC1D912040D01400ED3E88 /* PBXContainerItemProxy */ = {
			isa = PBXContainerItemProxy;
			containerPortal = A3EC1D742040D01400ED3E88 /* Project object */;
			proxyType = 1;
			remoteGlobalIDString = A3EC1D7B2040D01400ED3E88;
			remoteInfo = Eisenstein;
		};
		A3EC1D9C2040D01400ED3E88 /* PBXContainerItemProxy */ = {
			isa = PBXContainerItemProxy;
			containerPortal = A3EC1D742040D01400ED3E88 /* Project object */;
			proxyType = 1;
			remoteGlobalIDString = A3EC1D7B2040D01400ED3E88;
			remoteInfo = Eisenstein;
		};
/* End PBXContainerItemProxy section */

/* Begin PBXFileReference section */
		A318319F204490EA00EDBFB1 /* Player.swift */ = {isa = PBXFileReference; fileEncoding = 4; lastKnownFileType = sourcecode.swift; name = Player.swift; path = Eisenstein/lib/Player/Player.swift; sourceTree = SOURCE_ROOT; };
		A3EC1D7C2040D01400ED3E88 /* Eisenstein.app */ = {isa = PBXFileReference; explicitFileType = wrapper.application; includeInIndex = 0; path = Eisenstein.app; sourceTree = BUILT_PRODUCTS_DIR; };
		A3EC1D7F2040D01400ED3E88 /* AppDelegate.swift */ = {isa = PBXFileReference; lastKnownFileType = sourcecode.swift; path = AppDelegate.swift; sourceTree = "<group>"; };
		A3EC1D842040D01400ED3E88 /* Base */ = {isa = PBXFileReference; lastKnownFileType = file.storyboard; name = Base; path = Base.lproj/Main.storyboard; sourceTree = "<group>"; };
		A3EC1D862040D01400ED3E88 /* Assets.xcassets */ = {isa = PBXFileReference; lastKnownFileType = folder.assetcatalog; path = Assets.xcassets; sourceTree = "<group>"; };
		A3EC1D892040D01400ED3E88 /* Base */ = {isa = PBXFileReference; lastKnownFileType = file.storyboard; name = Base; path = Base.lproj/LaunchScreen.storyboard; sourceTree = "<group>"; };
		A3EC1D8B2040D01400ED3E88 /* Info.plist */ = {isa = PBXFileReference; lastKnownFileType = text.plist.xml; path = Info.plist; sourceTree = "<group>"; };
		A3EC1D902040D01400ED3E88 /* EisensteinTests.xctest */ = {isa = PBXFileReference; explicitFileType = wrapper.cfbundle; includeInIndex = 0; path = EisensteinTests.xctest; sourceTree = BUILT_PRODUCTS_DIR; };
		A3EC1D942040D01400ED3E88 /* EisensteinTests.swift */ = {isa = PBXFileReference; lastKnownFileType = sourcecode.swift; path = EisensteinTests.swift; sourceTree = "<group>"; };
		A3EC1D962040D01400ED3E88 /* Info.plist */ = {isa = PBXFileReference; lastKnownFileType = text.plist.xml; path = Info.plist; sourceTree = "<group>"; };
		A3EC1D9B2040D01400ED3E88 /* EisensteinUITests.xctest */ = {isa = PBXFileReference; explicitFileType = wrapper.cfbundle; includeInIndex = 0; path = EisensteinUITests.xctest; sourceTree = BUILT_PRODUCTS_DIR; };
		A3EC1D9F2040D01400ED3E88 /* EisensteinUITests.swift */ = {isa = PBXFileReference; lastKnownFileType = sourcecode.swift; path = EisensteinUITests.swift; sourceTree = "<group>"; };
		A3EC1DA12040D01400ED3E88 /* Info.plist */ = {isa = PBXFileReference; lastKnownFileType = text.plist.xml; path = Info.plist; sourceTree = "<group>"; };
		A3EC1DAF2040DA6600ED3E88 /* web */ = {isa = PBXFileReference; lastKnownFileType = folder; name = web; path = Eisenstein/web; sourceTree = "<group>"; };
		A3EC1DB72040DB9000ED3E88 /* EditorViewController.swift */ = {isa = PBXFileReference; lastKnownFileType = sourcecode.swift; name = EditorViewController.swift; path = ViewControllers/EditorViewController.swift; sourceTree = "<group>"; };
		A3FA77A02045856900B3C9EA /* AVFoundation.framework */ = {isa = PBXFileReference; lastKnownFileType = wrapper.framework; name = AVFoundation.framework; path = System/Library/Frameworks/AVFoundation.framework; sourceTree = SDKROOT; };
		A3FA77A22045872B00B3C9EA /* CaptureViewController.swift */ = {isa = PBXFileReference; lastKnownFileType = sourcecode.swift; path = CaptureViewController.swift; sourceTree = "<group>"; };
		A3FA77A52045886200B3C9EA /* NextLevelSession.swift */ = {isa = PBXFileReference; fileEncoding = 4; lastKnownFileType = sourcecode.swift; name = NextLevelSession.swift; path = Eisenstein/lib/NextLevel/NextLevelSession.swift; sourceTree = SOURCE_ROOT; };
		A3FA77A62045886200B3C9EA /* NextLevel+Foundation.swift */ = {isa = PBXFileReference; fileEncoding = 4; lastKnownFileType = sourcecode.swift; name = "NextLevel+Foundation.swift"; path = "Eisenstein/lib/NextLevel/NextLevel+Foundation.swift"; sourceTree = SOURCE_ROOT; };
		A3FA77A72045886200B3C9EA /* NextLevel+CoreMedia.swift */ = {isa = PBXFileReference; fileEncoding = 4; lastKnownFileType = sourcecode.swift; name = "NextLevel+CoreMedia.swift"; path = "Eisenstein/lib/NextLevel/NextLevel+CoreMedia.swift"; sourceTree = SOURCE_ROOT; };
		A3FA77A82045886200B3C9EA /* NextLevelConfiguration.swift */ = {isa = PBXFileReference; fileEncoding = 4; lastKnownFileType = sourcecode.swift; name = NextLevelConfiguration.swift; path = Eisenstein/lib/NextLevel/NextLevelConfiguration.swift; sourceTree = SOURCE_ROOT; };
		A3FA77A92045886200B3C9EA /* NextLevel.swift */ = {isa = PBXFileReference; fileEncoding = 4; lastKnownFileType = sourcecode.swift; name = NextLevel.swift; path = Eisenstein/lib/NextLevel/NextLevel.swift; sourceTree = SOURCE_ROOT; };
		A3FA77AA2045886200B3C9EA /* NextLevel+AVFoundation.swift */ = {isa = PBXFileReference; fileEncoding = 4; lastKnownFileType = sourcecode.swift; name = "NextLevel+AVFoundation.swift"; path = "Eisenstein/lib/NextLevel/NextLevel+AVFoundation.swift"; sourceTree = SOURCE_ROOT; };
		A3FA77AB2045886200B3C9EA /* NextLevel+CoreImage.swift */ = {isa = PBXFileReference; fileEncoding = 4; lastKnownFileType = sourcecode.swift; name = "NextLevel+CoreImage.swift"; path = "Eisenstein/lib/NextLevel/NextLevel+CoreImage.swift"; sourceTree = SOURCE_ROOT; };
		A3FA77AC2045886200B3C9EA /* NextLevel+UIImage.swift */ = {isa = PBXFileReference; fileEncoding = 4; lastKnownFileType = sourcecode.swift; name = "NextLevel+UIImage.swift"; path = "Eisenstein/lib/NextLevel/NextLevel+UIImage.swift"; sourceTree = SOURCE_ROOT; };
		A3FA77AD2045886200B3C9EA /* NextLevel+Metadata.swift */ = {isa = PBXFileReference; fileEncoding = 4; lastKnownFileType = sourcecode.swift; name = "NextLevel+Metadata.swift"; path = "Eisenstein/lib/NextLevel/NextLevel+Metadata.swift"; sourceTree = SOURCE_ROOT; };
		A3FA77AE2045886200B3C9EA /* NextLevelClip.swift */ = {isa = PBXFileReference; fileEncoding = 4; lastKnownFileType = sourcecode.swift; name = NextLevelClip.swift; path = Eisenstein/lib/NextLevel/NextLevelClip.swift; sourceTree = SOURCE_ROOT; };
		A3FA77B92046300000B3C9EA /* DataStructures.swift */ = {isa = PBXFileReference; lastKnownFileType = sourcecode.swift; path = DataStructures.swift; sourceTree = "<group>"; };
/* End PBXFileReference section */

/* Begin PBXFrameworksBuildPhase section */
		A3EC1D792040D01400ED3E88 /* Frameworks */ = {
			isa = PBXFrameworksBuildPhase;
			buildActionMask = 2147483647;
			files = (
				A3FA77A12045856900B3C9EA /* AVFoundation.framework in Frameworks */,
			);
			runOnlyForDeploymentPostprocessing = 0;
		};
		A3EC1D8D2040D01400ED3E88 /* Frameworks */ = {
			isa = PBXFrameworksBuildPhase;
			buildActionMask = 2147483647;
			files = (
			);
			runOnlyForDeploymentPostprocessing = 0;
		};
		A3EC1D982040D01400ED3E88 /* Frameworks */ = {
			isa = PBXFrameworksBuildPhase;
			buildActionMask = 2147483647;
			files = (
			);
			runOnlyForDeploymentPostprocessing = 0;
		};
/* End PBXFrameworksBuildPhase section */

/* Begin PBXGroup section */
		A318319D204490D600EDBFB1 /* lib */ = {
			isa = PBXGroup;
			children = (
				A3FA77A42045885400B3C9EA /* NextLevel */,
				A318319E204490DE00EDBFB1 /* Player */,
			);
			name = lib;
			path = "New Group";
			sourceTree = "<group>";
		};
		A318319E204490DE00EDBFB1 /* Player */ = {
			isa = PBXGroup;
			children = (
				A318319F204490EA00EDBFB1 /* Player.swift */,
			);
			path = Player;
			sourceTree = "<group>";
		};
		A3EC1D732040D01400ED3E88 = {
			isa = PBXGroup;
			children = (
				A3EC1DAF2040DA6600ED3E88 /* web */,
				A3EC1D7E2040D01400ED3E88 /* Eisenstein */,
				A3EC1D932040D01400ED3E88 /* EisensteinTests */,
				A3EC1D9E2040D01400ED3E88 /* EisensteinUITests */,
				A3EC1D7D2040D01400ED3E88 /* Products */,
				A3FA779F2045856900B3C9EA /* Frameworks */,
			);
			sourceTree = "<group>";
		};
		A3EC1D7D2040D01400ED3E88 /* Products */ = {
			isa = PBXGroup;
			children = (
				A3EC1D7C2040D01400ED3E88 /* Eisenstein.app */,
				A3EC1D902040D01400ED3E88 /* EisensteinTests.xctest */,
				A3EC1D9B2040D01400ED3E88 /* EisensteinUITests.xctest */,
			);
			name = Products;
			sourceTree = "<group>";
		};
		A3EC1D7E2040D01400ED3E88 /* Eisenstein */ = {
			isa = PBXGroup;
			children = (
				A3EC1D7F2040D01400ED3E88 /* AppDelegate.swift */,
				A3FA77B92046300000B3C9EA /* DataStructures.swift */,
				A3EC1D832040D01400ED3E88 /* Main.storyboard */,
				A3EC1D862040D01400ED3E88 /* Assets.xcassets */,
				A3EC1D882040D01400ED3E88 /* LaunchScreen.storyboard */,
				A3EC1D8B2040D01400ED3E88 /* Info.plist */,
				A3EC1DB72040DB9000ED3E88 /* EditorViewController.swift */,
				A3FA77A22045872B00B3C9EA /* CaptureViewController.swift */,
				A318319D204490D600EDBFB1 /* lib */,
			);
			path = Eisenstein;
			sourceTree = "<group>";
		};
		A3EC1D932040D01400ED3E88 /* EisensteinTests */ = {
			isa = PBXGroup;
			children = (
				A3EC1D942040D01400ED3E88 /* EisensteinTests.swift */,
				A3EC1D962040D01400ED3E88 /* Info.plist */,
			);
			path = EisensteinTests;
			sourceTree = "<group>";
		};
		A3EC1D9E2040D01400ED3E88 /* EisensteinUITests */ = {
			isa = PBXGroup;
			children = (
				A3EC1D9F2040D01400ED3E88 /* EisensteinUITests.swift */,
				A3EC1DA12040D01400ED3E88 /* Info.plist */,
			);
			path = EisensteinUITests;
			sourceTree = "<group>";
		};
		A3FA779F2045856900B3C9EA /* Frameworks */ = {
			isa = PBXGroup;
			children = (
				A3FA77A02045856900B3C9EA /* AVFoundation.framework */,
			);
			name = Frameworks;
			sourceTree = "<group>";
		};
		A3FA77A42045885400B3C9EA /* NextLevel */ = {
			isa = PBXGroup;
			children = (
				A3FA77A92045886200B3C9EA /* NextLevel.swift */,
				A3FA77AA2045886200B3C9EA /* NextLevel+AVFoundation.swift */,
				A3FA77AB2045886200B3C9EA /* NextLevel+CoreImage.swift */,
				A3FA77A72045886200B3C9EA /* NextLevel+CoreMedia.swift */,
				A3FA77A62045886200B3C9EA /* NextLevel+Foundation.swift */,
				A3FA77AD2045886200B3C9EA /* NextLevel+Metadata.swift */,
				A3FA77AC2045886200B3C9EA /* NextLevel+UIImage.swift */,
				A3FA77AE2045886200B3C9EA /* NextLevelClip.swift */,
				A3FA77A82045886200B3C9EA /* NextLevelConfiguration.swift */,
				A3FA77A52045886200B3C9EA /* NextLevelSession.swift */,
			);
			path = NextLevel;
			sourceTree = "<group>";
		};
/* End PBXGroup section */

/* Begin PBXLegacyTarget section */
		A3EC1DB12040DA8A00ED3E88 /* CopyWebFiles */ = {
			isa = PBXLegacyTarget;
			buildArgumentsString = "$(ACTION)";
			buildConfigurationList = A3EC1DB22040DA8A00ED3E88 /* Build configuration list for PBXLegacyTarget "CopyWebFiles" */;
			buildPhases = (
			);
			buildToolPath = /usr/bin/make;
			buildWorkingDirectory = ../;
			dependencies = (
			);
			name = CopyWebFiles;
			passBuildSettingsInEnvironment = 1;
			productName = CopyWebFiles;
		};
/* End PBXLegacyTarget section */

/* Begin PBXNativeTarget section */
		A3EC1D7B2040D01400ED3E88 /* Eisenstein */ = {
			isa = PBXNativeTarget;
			buildConfigurationList = A3EC1DA42040D01400ED3E88 /* Build configuration list for PBXNativeTarget "Eisenstein" */;
			buildPhases = (
				A3EC1D782040D01400ED3E88 /* Sources */,
				A3EC1D792040D01400ED3E88 /* Frameworks */,
				A3EC1D7A2040D01400ED3E88 /* Resources */,
			);
			buildRules = (
			);
			dependencies = (
			);
			name = Eisenstein;
			productName = Eisenstein;
			productReference = A3EC1D7C2040D01400ED3E88 /* Eisenstein.app */;
			productType = "com.apple.product-type.application";
		};
		A3EC1D8F2040D01400ED3E88 /* EisensteinTests */ = {
			isa = PBXNativeTarget;
			buildConfigurationList = A3EC1DA72040D01400ED3E88 /* Build configuration list for PBXNativeTarget "EisensteinTests" */;
			buildPhases = (
				A3EC1D8C2040D01400ED3E88 /* Sources */,
				A3EC1D8D2040D01400ED3E88 /* Frameworks */,
				A3EC1D8E2040D01400ED3E88 /* Resources */,
			);
			buildRules = (
			);
			dependencies = (
				A3EC1D922040D01400ED3E88 /* PBXTargetDependency */,
			);
			name = EisensteinTests;
			productName = EisensteinTests;
			productReference = A3EC1D902040D01400ED3E88 /* EisensteinTests.xctest */;
			productType = "com.apple.product-type.bundle.unit-test";
		};
		A3EC1D9A2040D01400ED3E88 /* EisensteinUITests */ = {
			isa = PBXNativeTarget;
			buildConfigurationList = A3EC1DAA2040D01400ED3E88 /* Build configuration list for PBXNativeTarget "EisensteinUITests" */;
			buildPhases = (
				A3EC1D972040D01400ED3E88 /* Sources */,
				A3EC1D982040D01400ED3E88 /* Frameworks */,
				A3EC1D992040D01400ED3E88 /* Resources */,
			);
			buildRules = (
			);
			dependencies = (
				A3EC1D9D2040D01400ED3E88 /* PBXTargetDependency */,
			);
			name = EisensteinUITests;
			productName = EisensteinUITests;
			productReference = A3EC1D9B2040D01400ED3E88 /* EisensteinUITests.xctest */;
			productType = "com.apple.product-type.bundle.ui-testing";
		};
/* End PBXNativeTarget section */

/* Begin PBXProject section */
		A3EC1D742040D01400ED3E88 /* Project object */ = {
			isa = PBXProject;
			attributes = {
				LastSwiftUpdateCheck = 0920;
				LastUpgradeCheck = 0920;
				ORGANIZATIONNAME = "Massachusetts Institute of Technology";
				TargetAttributes = {
					A3EC1D7B2040D01400ED3E88 = {
						CreatedOnToolsVersion = 9.2;
						ProvisioningStyle = Automatic;
					};
					A3EC1D8F2040D01400ED3E88 = {
						CreatedOnToolsVersion = 9.2;
						ProvisioningStyle = Automatic;
						TestTargetID = A3EC1D7B2040D01400ED3E88;
					};
					A3EC1D9A2040D01400ED3E88 = {
						CreatedOnToolsVersion = 9.2;
						ProvisioningStyle = Automatic;
						TestTargetID = A3EC1D7B2040D01400ED3E88;
					};
					A3EC1DB12040DA8A00ED3E88 = {
						CreatedOnToolsVersion = 9.2;
						ProvisioningStyle = Automatic;
					};
				};
			};
			buildConfigurationList = A3EC1D772040D01400ED3E88 /* Build configuration list for PBXProject "Eisenstein" */;
			compatibilityVersion = "Xcode 8.0";
			developmentRegion = en;
			hasScannedForEncodings = 0;
			knownRegions = (
				en,
				Base,
			);
			mainGroup = A3EC1D732040D01400ED3E88;
			productRefGroup = A3EC1D7D2040D01400ED3E88 /* Products */;
			projectDirPath = "";
			projectRoot = "";
			targets = (
				A3EC1D7B2040D01400ED3E88 /* Eisenstein */,
				A3EC1D8F2040D01400ED3E88 /* EisensteinTests */,
				A3EC1D9A2040D01400ED3E88 /* EisensteinUITests */,
				A3EC1DB12040DA8A00ED3E88 /* CopyWebFiles */,
			);
		};
/* End PBXProject section */

/* Begin PBXResourcesBuildPhase section */
		A3EC1D7A2040D01400ED3E88 /* Resources */ = {
			isa = PBXResourcesBuildPhase;
			buildActionMask = 2147483647;
			files = (
				A3EC1D8A2040D01400ED3E88 /* LaunchScreen.storyboard in Resources */,
				A3EC1DB02040DA6600ED3E88 /* web in Resources */,
				A3EC1D872040D01400ED3E88 /* Assets.xcassets in Resources */,
				A3EC1D852040D01400ED3E88 /* Main.storyboard in Resources */,
			);
			runOnlyForDeploymentPostprocessing = 0;
		};
		A3EC1D8E2040D01400ED3E88 /* Resources */ = {
			isa = PBXResourcesBuildPhase;
			buildActionMask = 2147483647;
			files = (
			);
			runOnlyForDeploymentPostprocessing = 0;
		};
		A3EC1D992040D01400ED3E88 /* Resources */ = {
			isa = PBXResourcesBuildPhase;
			buildActionMask = 2147483647;
			files = (
			);
			runOnlyForDeploymentPostprocessing = 0;
		};
/* End PBXResourcesBuildPhase section */

/* Begin PBXSourcesBuildPhase section */
		A3EC1D782040D01400ED3E88 /* Sources */ = {
			isa = PBXSourcesBuildPhase;
			buildActionMask = 2147483647;
			files = (
				A3FA77B72045886300B3C9EA /* NextLevel+Metadata.swift in Sources */,
				A3FA77B02045886300B3C9EA /* NextLevel+Foundation.swift in Sources */,
				A3FA77B32045886300B3C9EA /* NextLevel.swift in Sources */,
				A3FA77AF2045886300B3C9EA /* NextLevelSession.swift in Sources */,
				A3FA77B12045886300B3C9EA /* NextLevel+CoreMedia.swift in Sources */,
				A3EC1DB82040DB9000ED3E88 /* EditorViewController.swift in Sources */,
				A3FA77BA2046300000B3C9EA /* DataStructures.swift in Sources */,
				A3FA77B62045886300B3C9EA /* NextLevel+UIImage.swift in Sources */,
				A3FA77B42045886300B3C9EA /* NextLevel+AVFoundation.swift in Sources */,
				A3FA77A32045872B00B3C9EA /* CaptureViewController.swift in Sources */,
				A3FA77B82045886300B3C9EA /* NextLevelClip.swift in Sources */,
				A31831A0204490EB00EDBFB1 /* Player.swift in Sources */,
				A3FA77B22045886300B3C9EA /* NextLevelConfiguration.swift in Sources */,
				A3EC1D802040D01400ED3E88 /* AppDelegate.swift in Sources */,
				A3FA77B52045886300B3C9EA /* NextLevel+CoreImage.swift in Sources */,
			);
			runOnlyForDeploymentPostprocessing = 0;
		};
		A3EC1D8C2040D01400ED3E88 /* Sources */ = {
			isa = PBXSourcesBuildPhase;
			buildActionMask = 2147483647;
			files = (
				A3EC1D952040D01400ED3E88 /* EisensteinTests.swift in Sources */,
			);
			runOnlyForDeploymentPostprocessing = 0;
		};
		A3EC1D972040D01400ED3E88 /* Sources */ = {
			isa = PBXSourcesBuildPhase;
			buildActionMask = 2147483647;
			files = (
				A3EC1DA02040D01400ED3E88 /* EisensteinUITests.swift in Sources */,
			);
			runOnlyForDeploymentPostprocessing = 0;
		};
/* End PBXSourcesBuildPhase section */

/* Begin PBXTargetDependency section */
		A3EC1D922040D01400ED3E88 /* PBXTargetDependency */ = {
			isa = PBXTargetDependency;
			target = A3EC1D7B2040D01400ED3E88 /* Eisenstein */;
			targetProxy = A3EC1D912040D01400ED3E88 /* PBXContainerItemProxy */;
		};
		A3EC1D9D2040D01400ED3E88 /* PBXTargetDependency */ = {
			isa = PBXTargetDependency;
			target = A3EC1D7B2040D01400ED3E88 /* Eisenstein */;
			targetProxy = A3EC1D9C2040D01400ED3E88 /* PBXContainerItemProxy */;
		};
/* End PBXTargetDependency section */

/* Begin PBXVariantGroup section */
		A3EC1D832040D01400ED3E88 /* Main.storyboard */ = {
			isa = PBXVariantGroup;
			children = (
				A3EC1D842040D01400ED3E88 /* Base */,
			);
			name = Main.storyboard;
			sourceTree = "<group>";
		};
		A3EC1D882040D01400ED3E88 /* LaunchScreen.storyboard */ = {
			isa = PBXVariantGroup;
			children = (
				A3EC1D892040D01400ED3E88 /* Base */,
			);
			name = LaunchScreen.storyboard;
			sourceTree = "<group>";
		};
/* End PBXVariantGroup section */

/* Begin XCBuildConfiguration section */
		A3EC1DA22040D01400ED3E88 /* Debug */ = {
			isa = XCBuildConfiguration;
			buildSettings = {
				ALWAYS_SEARCH_USER_PATHS = NO;
				CLANG_ANALYZER_NONNULL = YES;
				CLANG_ANALYZER_NUMBER_OBJECT_CONVERSION = YES_AGGRESSIVE;
				CLANG_CXX_LANGUAGE_STANDARD = "gnu++14";
				CLANG_CXX_LIBRARY = "libc++";
				CLANG_ENABLE_MODULES = YES;
				CLANG_ENABLE_OBJC_ARC = YES;
				CLANG_WARN_BLOCK_CAPTURE_AUTORELEASING = YES;
				CLANG_WARN_BOOL_CONVERSION = YES;
				CLANG_WARN_COMMA = YES;
				CLANG_WARN_CONSTANT_CONVERSION = YES;
				CLANG_WARN_DIRECT_OBJC_ISA_USAGE = YES_ERROR;
				CLANG_WARN_DOCUMENTATION_COMMENTS = YES;
				CLANG_WARN_EMPTY_BODY = YES;
				CLANG_WARN_ENUM_CONVERSION = YES;
				CLANG_WARN_INFINITE_RECURSION = YES;
				CLANG_WARN_INT_CONVERSION = YES;
				CLANG_WARN_NON_LITERAL_NULL_CONVERSION = YES;
				CLANG_WARN_OBJC_LITERAL_CONVERSION = YES;
				CLANG_WARN_OBJC_ROOT_CLASS = YES_ERROR;
				CLANG_WARN_RANGE_LOOP_ANALYSIS = YES;
				CLANG_WARN_STRICT_PROTOTYPES = YES;
				CLANG_WARN_SUSPICIOUS_MOVE = YES;
				CLANG_WARN_UNGUARDED_AVAILABILITY = YES_AGGRESSIVE;
				CLANG_WARN_UNREACHABLE_CODE = YES;
				CLANG_WARN__DUPLICATE_METHOD_MATCH = YES;
				CODE_SIGN_IDENTITY = "iPhone Developer";
				COPY_PHASE_STRIP = NO;
				DEBUG_INFORMATION_FORMAT = dwarf;
				ENABLE_STRICT_OBJC_MSGSEND = YES;
				ENABLE_TESTABILITY = YES;
				GCC_C_LANGUAGE_STANDARD = gnu11;
				GCC_DYNAMIC_NO_PIC = NO;
				GCC_NO_COMMON_BLOCKS = YES;
				GCC_OPTIMIZATION_LEVEL = 0;
				GCC_PREPROCESSOR_DEFINITIONS = (
					"DEBUG=1",
					"$(inherited)",
				);
				GCC_WARN_64_TO_32_BIT_CONVERSION = YES;
				GCC_WARN_ABOUT_RETURN_TYPE = YES_ERROR;
				GCC_WARN_UNDECLARED_SELECTOR = YES;
				GCC_WARN_UNINITIALIZED_AUTOS = YES_AGGRESSIVE;
				GCC_WARN_UNUSED_FUNCTION = YES;
				GCC_WARN_UNUSED_VARIABLE = YES;
				IPHONEOS_DEPLOYMENT_TARGET = 11.2;
				MTL_ENABLE_DEBUG_INFO = YES;
				ONLY_ACTIVE_ARCH = YES;
				SDKROOT = iphoneos;
				SWIFT_ACTIVE_COMPILATION_CONDITIONS = DEBUG;
				SWIFT_OPTIMIZATION_LEVEL = "-Onone";
			};
			name = Debug;
		};
		A3EC1DA32040D01400ED3E88 /* Release */ = {
			isa = XCBuildConfiguration;
			buildSettings = {
				ALWAYS_SEARCH_USER_PATHS = NO;
				CLANG_ANALYZER_NONNULL = YES;
				CLANG_ANALYZER_NUMBER_OBJECT_CONVERSION = YES_AGGRESSIVE;
				CLANG_CXX_LANGUAGE_STANDARD = "gnu++14";
				CLANG_CXX_LIBRARY = "libc++";
				CLANG_ENABLE_MODULES = YES;
				CLANG_ENABLE_OBJC_ARC = YES;
				CLANG_WARN_BLOCK_CAPTURE_AUTORELEASING = YES;
				CLANG_WARN_BOOL_CONVERSION = YES;
				CLANG_WARN_COMMA = YES;
				CLANG_WARN_CONSTANT_CONVERSION = YES;
				CLANG_WARN_DIRECT_OBJC_ISA_USAGE = YES_ERROR;
				CLANG_WARN_DOCUMENTATION_COMMENTS = YES;
				CLANG_WARN_EMPTY_BODY = YES;
				CLANG_WARN_ENUM_CONVERSION = YES;
				CLANG_WARN_INFINITE_RECURSION = YES;
				CLANG_WARN_INT_CONVERSION = YES;
				CLANG_WARN_NON_LITERAL_NULL_CONVERSION = YES;
				CLANG_WARN_OBJC_LITERAL_CONVERSION = YES;
				CLANG_WARN_OBJC_ROOT_CLASS = YES_ERROR;
				CLANG_WARN_RANGE_LOOP_ANALYSIS = YES;
				CLANG_WARN_STRICT_PROTOTYPES = YES;
				CLANG_WARN_SUSPICIOUS_MOVE = YES;
				CLANG_WARN_UNGUARDED_AVAILABILITY = YES_AGGRESSIVE;
				CLANG_WARN_UNREACHABLE_CODE = YES;
				CLANG_WARN__DUPLICATE_METHOD_MATCH = YES;
				CODE_SIGN_IDENTITY = "iPhone Developer";
				COPY_PHASE_STRIP = NO;
				DEBUG_INFORMATION_FORMAT = "dwarf-with-dsym";
				ENABLE_NS_ASSERTIONS = NO;
				ENABLE_STRICT_OBJC_MSGSEND = YES;
				GCC_C_LANGUAGE_STANDARD = gnu11;
				GCC_NO_COMMON_BLOCKS = YES;
				GCC_WARN_64_TO_32_BIT_CONVERSION = YES;
				GCC_WARN_ABOUT_RETURN_TYPE = YES_ERROR;
				GCC_WARN_UNDECLARED_SELECTOR = YES;
				GCC_WARN_UNINITIALIZED_AUTOS = YES_AGGRESSIVE;
				GCC_WARN_UNUSED_FUNCTION = YES;
				GCC_WARN_UNUSED_VARIABLE = YES;
				IPHONEOS_DEPLOYMENT_TARGET = 11.2;
				MTL_ENABLE_DEBUG_INFO = NO;
				SDKROOT = iphoneos;
				SWIFT_OPTIMIZATION_LEVEL = "-Owholemodule";
				VALIDATE_PRODUCT = YES;
			};
			name = Release;
		};
		A3EC1DA52040D01400ED3E88 /* Debug */ = {
			isa = XCBuildConfiguration;
			buildSettings = {
				ASSETCATALOG_COMPILER_APPICON_NAME = AppIcon;
				CODE_SIGN_STYLE = Automatic;
				DEVELOPMENT_TEAM = 2USV2DDQBR;
				GCC_WARN_UNINITIALIZED_AUTOS = YES_AGGRESSIVE;
				GCC_WARN_UNUSED_VARIABLE = YES;
				INFOPLIST_FILE = Eisenstein/Info.plist;
				LD_RUNPATH_SEARCH_PATHS = "$(inherited) @executable_path/Frameworks";
				PRODUCT_BUNDLE_IDENTIFIER = local.seanhickey.Eisenstein;
				PRODUCT_NAME = "$(TARGET_NAME)";
				SWIFT_VERSION = 4.0;
				TARGETED_DEVICE_FAMILY = "1,2";
			};
			name = Debug;
		};
		A3EC1DA62040D01400ED3E88 /* Release */ = {
			isa = XCBuildConfiguration;
			buildSettings = {
				ASSETCATALOG_COMPILER_APPICON_NAME = AppIcon;
				CODE_SIGN_STYLE = Automatic;
				DEVELOPMENT_TEAM = 2USV2DDQBR;
				GCC_WARN_UNINITIALIZED_AUTOS = YES_AGGRESSIVE;
				GCC_WARN_UNUSED_VARIABLE = YES;
				INFOPLIST_FILE = Eisenstein/Info.plist;
				LD_RUNPATH_SEARCH_PATHS = "$(inherited) @executable_path/Frameworks";
				PRODUCT_BUNDLE_IDENTIFIER = local.seanhickey.Eisenstein;
				PRODUCT_NAME = "$(TARGET_NAME)";
				SWIFT_VERSION = 4.0;
				TARGETED_DEVICE_FAMILY = "1,2";
			};
			name = Release;
		};
		A3EC1DA82040D01400ED3E88 /* Debug */ = {
			isa = XCBuildConfiguration;
			buildSettings = {
				ALWAYS_EMBED_SWIFT_STANDARD_LIBRARIES = YES;
				BUNDLE_LOADER = "$(TEST_HOST)";
				CODE_SIGN_STYLE = Automatic;
				INFOPLIST_FILE = EisensteinTests/Info.plist;
				LD_RUNPATH_SEARCH_PATHS = "$(inherited) @executable_path/Frameworks @loader_path/Frameworks";
				PRODUCT_BUNDLE_IDENTIFIER = edu.mit.media.llk.EisensteinTests;
				PRODUCT_NAME = "$(TARGET_NAME)";
				SWIFT_VERSION = 4.0;
				TARGETED_DEVICE_FAMILY = "1,2";
				TEST_HOST = "$(BUILT_PRODUCTS_DIR)/Eisenstein.app/Eisenstein";
			};
			name = Debug;
		};
		A3EC1DA92040D01400ED3E88 /* Release */ = {
			isa = XCBuildConfiguration;
			buildSettings = {
				ALWAYS_EMBED_SWIFT_STANDARD_LIBRARIES = YES;
				BUNDLE_LOADER = "$(TEST_HOST)";
				CODE_SIGN_STYLE = Automatic;
				INFOPLIST_FILE = EisensteinTests/Info.plist;
				LD_RUNPATH_SEARCH_PATHS = "$(inherited) @executable_path/Frameworks @loader_path/Frameworks";
				PRODUCT_BUNDLE_IDENTIFIER = edu.mit.media.llk.EisensteinTests;
				PRODUCT_NAME = "$(TARGET_NAME)";
				SWIFT_VERSION = 4.0;
				TARGETED_DEVICE_FAMILY = "1,2";
				TEST_HOST = "$(BUILT_PRODUCTS_DIR)/Eisenstein.app/Eisenstein";
			};
			name = Release;
		};
		A3EC1DAB2040D01400ED3E88 /* Debug */ = {
			isa = XCBuildConfiguration;
			buildSettings = {
				ALWAYS_EMBED_SWIFT_STANDARD_LIBRARIES = YES;
				CODE_SIGN_STYLE = Automatic;
				INFOPLIST_FILE = EisensteinUITests/Info.plist;
				LD_RUNPATH_SEARCH_PATHS = "$(inherited) @executable_path/Frameworks @loader_path/Frameworks";
				PRODUCT_BUNDLE_IDENTIFIER = edu.mit.media.llk.EisensteinUITests;
				PRODUCT_NAME = "$(TARGET_NAME)";
				SWIFT_VERSION = 4.0;
				TARGETED_DEVICE_FAMILY = "1,2";
				TEST_TARGET_NAME = Eisenstein;
			};
			name = Debug;
		};
		A3EC1DAC2040D01400ED3E88 /* Release */ = {
			isa = XCBuildConfiguration;
			buildSettings = {
				ALWAYS_EMBED_SWIFT_STANDARD_LIBRARIES = YES;
				CODE_SIGN_STYLE = Automatic;
				INFOPLIST_FILE = EisensteinUITests/Info.plist;
				LD_RUNPATH_SEARCH_PATHS = "$(inherited) @executable_path/Frameworks @loader_path/Frameworks";
				PRODUCT_BUNDLE_IDENTIFIER = edu.mit.media.llk.EisensteinUITests;
				PRODUCT_NAME = "$(TARGET_NAME)";
				SWIFT_VERSION = 4.0;
				TARGETED_DEVICE_FAMILY = "1,2";
				TEST_TARGET_NAME = Eisenstein;
			};
			name = Release;
		};
		A3EC1DB32040DA8A00ED3E88 /* Debug */ = {
			isa = XCBuildConfiguration;
			buildSettings = {
				CODE_SIGN_STYLE = Automatic;
				DEBUGGING_SYMBOLS = YES;
				DEBUG_INFORMATION_FORMAT = dwarf;
				GCC_GENERATE_DEBUGGING_SYMBOLS = YES;
				GCC_OPTIMIZATION_LEVEL = 0;
				OTHER_CFLAGS = "";
				OTHER_LDFLAGS = "";
				PRODUCT_NAME = "$(TARGET_NAME)";
			};
			name = Debug;
		};
		A3EC1DB42040DA8A00ED3E88 /* Release */ = {
			isa = XCBuildConfiguration;
			buildSettings = {
				CODE_SIGN_STYLE = Automatic;
				DEBUG_INFORMATION_FORMAT = "dwarf-with-dsym";
				OTHER_CFLAGS = "";
				OTHER_LDFLAGS = "";
				PRODUCT_NAME = "$(TARGET_NAME)";
			};
			name = Release;
		};
/* End XCBuildConfiguration section */

/* Begin XCConfigurationList section */
		A3EC1D772040D01400ED3E88 /* Build configuration list for PBXProject "Eisenstein" */ = {
			isa = XCConfigurationList;
			buildConfigurations = (
				A3EC1DA22040D01400ED3E88 /* Debug */,
				A3EC1DA32040D01400ED3E88 /* Release */,
			);
			defaultConfigurationIsVisible = 0;
			defaultConfigurationName = Release;
		};
		A3EC1DA42040D01400ED3E88 /* Build configuration list for PBXNativeTarget "Eisenstein" */ = {
			isa = XCConfigurationList;
			buildConfigurations = (
				A3EC1DA52040D01400ED3E88 /* Debug */,
				A3EC1DA62040D01400ED3E88 /* Release */,
			);
			defaultConfigurationIsVisible = 0;
			defaultConfigurationName = Release;
		};
		A3EC1DA72040D01400ED3E88 /* Build configuration list for PBXNativeTarget "EisensteinTests" */ = {
			isa = XCConfigurationList;
			buildConfigurations = (
				A3EC1DA82040D01400ED3E88 /* Debug */,
				A3EC1DA92040D01400ED3E88 /* Release */,
			);
			defaultConfigurationIsVisible = 0;
			defaultConfigurationName = Release;
		};
		A3EC1DAA2040D01400ED3E88 /* Build configuration list for PBXNativeTarget "EisensteinUITests" */ = {
			isa = XCConfigurationList;
			buildConfigurations = (
				A3EC1DAB2040D01400ED3E88 /* Debug */,
				A3EC1DAC2040D01400ED3E88 /* Release */,
			);
			defaultConfigurationIsVisible = 0;
			defaultConfigurationName = Release;
		};
		A3EC1DB22040DA8A00ED3E88 /* Build configuration list for PBXLegacyTarget "CopyWebFiles" */ = {
			isa = XCConfigurationList;
			buildConfigurations = (
				A3EC1DB32040DA8A00ED3E88 /* Debug */,
				A3EC1DB42040DA8A00ED3E88 /* Release */,
			);
			defaultConfigurationIsVisible = 0;
			defaultConfigurationName = Release;
		};
/* End XCConfigurationList section */
	};
	rootObject = A3EC1D742040D01400ED3E88 /* Project object */;
}
